Microsoft Visual Studio Solution File, Format Version 12.00
# Visual Studio Version 17
VisualStudioVersion = 17.5.2.0
MinimumVisualStudioVersion = 10.0.40219.1
Project("{FAE04EC0-301F-11D3-BF4B-00C04F79EFBC}") = "DummyAIPlugin", "DummyAIPlugin\DummyAIPlugin.csproj", "{93196A64-F1FD-3C3E-75C0-AFF4AD444D6E}"
EndProject
Project("{2150E333-8FDC-42A3-9474-1A3956D46DE8}") = "Solution Items", "Solution Items", "{089100B1-113F-4E66-888A-E83F3999EAFD}"
	ProjectSection(SolutionItems) = preProject
		.editorconfig = .editorconfig
		.gitattributes = .gitattributes
		.gitignore = .gitignore
		LICENSE = LICENSE
		README.md = README.md
		SECURITY.md = SECURITY.md
		CHANGELOG.md = CHANGELOG.md
	EndProjectSection
EndProject
Project("{2150E333-8FDC-42A3-9474-1A3956D46DE8}") = "Templates", "Templates", "{B8C5E9A9-7E49-B817-3327-4CEFBFF0EA5E}"
	ProjectSection(SolutionItems) = preProject
		.github\pull_request_template.md = .github\pull_request_template.md
		.github\ISSUE_TEMPLATE\bug_report.md = .github\ISSUE_TEMPLATE\bug_report.md
		.github\ISSUE_TEMPLATE\feature_request.md = .github\ISSUE_TEMPLATE\feature_request.md
	EndProjectSection
EndProject
Project("{2150E333-8FDC-42A3-9474-1A3956D46DE8}") = "Automation", "Automation", "{3117D3C0-F14E-92D0-99BD-5A3D2DF72B7C}"
	ProjectSection(SolutionItems) = preProject
		.github\workflows\build.yml = .github\workflows\build.yml
	EndProjectSection
EndProject
Global
	GlobalSection(SolutionConfigurationPlatforms) = preSolution
		Debug|Any CPU = Debug|Any CPU
		Release|Any CPU = Release|Any CPU
	EndGlobalSection
	GlobalSection(ProjectConfigurationPlatforms) = postSolution
		{93196A64-F1FD-3C3E-75C0-AFF4AD444D6E}.Debug|Any CPU.ActiveCfg = Debug|Any CPU
		{93196A64-F1FD-3C3E-75C0-AFF4AD444D6E}.Debug|Any CPU.Build.0 = Debug|Any CPU
		{93196A64-F1FD-3C3E-75C0-AFF4AD444D6E}.Release|Any CPU.ActiveCfg = Release|Any CPU
		{93196A64-F1FD-3C3E-75C0-AFF4AD444D6E}.Release|Any CPU.Build.0 = Release|Any CPU
	EndGlobalSection
	GlobalSection(SolutionProperties) = preSolution
		HideSolutionNode = FALSE
	EndGlobalSection
	GlobalSection(NestedProjects) = preSolution
		{B8C5E9A9-7E49-B817-3327-4CEFBFF0EA5E} = {089100B1-113F-4E66-888A-E83F3999EAFD}
		{3117D3C0-F14E-92D0-99BD-5A3D2DF72B7C} = {089100B1-113F-4E66-888A-E83F3999EAFD}
	EndGlobalSection
	GlobalSection(ExtensibilityGlobals) = postSolution
		SolutionGuid = {50F99487-3225-4C21-B047-1D91FB3A84F1}
	EndGlobalSection
EndGlobal
